
Microsoft Visual Studio Solution File, Format Version 12.00
# Visual Studio Version 17
VisualStudioVersion = 17.10.34928.147
MinimumVisualStudioVersion = 10.0.40219.1
Project("{FAE04EC0-301F-11D3-BF4B-00C04F79EFBC}") = "paymentAPI", "paymentAPI\paymentAPI.csproj", "{D07B01DB-EFB2-46A7-B655-B99290BCA1A2}"
EndProject
Global
	GlobalSection(SolutionConfigurationPlatforms) = preSolution
		Debug|Any CPU = Debug|Any CPU
		Release|Any CPU = Release|Any CPU
	EndGlobalSection
	GlobalSection(ProjectConfigurationPlatforms) = postSolution
		{D07B01DB-EFB2-46A7-B655-B99290BCA1A2}.Debug|Any CPU.ActiveCfg = Debug|Any CPU
		{D07B01DB-EFB2-46A7-B655-B99290BCA1A2}.Debug|Any CPU.Build.0 = Debug|Any CPU
		{D07B01DB-EFB2-46A7-B655-B99290BCA1A2}.Release|Any CPU.ActiveCfg = Release|Any CPU
		{D07B01DB-EFB2-46A7-B655-B99290BCA1A2}.Release|Any CPU.Build.0 = Release|Any CPU
	EndGlobalSection
	GlobalSection(SolutionProperties) = preSolution
		HideSolutionNode = FALSE
	EndGlobalSection
	GlobalSection(ExtensibilityGlobals) = postSolution
		SolutionGuid = {1E3A2143-385E-47A7-BD92-AB1370850707}
	EndGlobalSection
EndGlobal
